// !$*UTF8*$!
{
	archiveVersion = 1;
	classes = {
	};
	objectVersion = 46;
	objects = {

/* Begin PBXBuildFile section */
		5930AA8D188A23DA00997469 /* Accelerate.framework in Frameworks */ = {isa = PBXBuildFile; fileRef = 594BBAEE18870D27007F9A2A /* Accelerate.framework */; };
		594BBA851886FE8A007F9A2A /* Foundation.framework in Frameworks */ = {isa = PBXBuildFile; fileRef = 594BBA841886FE8A007F9A2A /* Foundation.framework */; };
		594BBA871886FE8A007F9A2A /* CoreGraphics.framework in Frameworks */ = {isa = PBXBuildFile; fileRef = 594BBA861886FE8A007F9A2A /* CoreGraphics.framework */; };
		594BBA891886FE8A007F9A2A /* UIKit.framework in Frameworks */ = {isa = PBXBuildFile; fileRef = 594BBA881886FE8A007F9A2A /* UIKit.framework */; };
		594BBAEA1887024B007F9A2A /* imagenet.ntwk in Resources */ = {isa = PBXBuildFile; fileRef = 594BBAE81887024B007F9A2A /* imagenet.ntwk */; };
		594BBAEB1887024B007F9A2A /* lena.png in Resources */ = {isa = PBXBuildFile; fileRef = 594BBAE91887024B007F9A2A /* lena.png */; };
		594BBAFD18871401007F9A2A /* MainStoryboard_iPad.storyboard in Resources */ = {isa = PBXBuildFile; fileRef = 594BBAF118871401007F9A2A /* MainStoryboard_iPad.storyboard */; };
		594BBAFE18871401007F9A2A /* MainStoryboard_iPhone.storyboard in Resources */ = {isa = PBXBuildFile; fileRef = 594BBAF318871401007F9A2A /* MainStoryboard_iPhone.storyboard */; };
		594BBB0018871401007F9A2A /* main.m in Sources */ = {isa = PBXBuildFile; fileRef = 594BBAF618871401007F9A2A /* main.m */; };
		594BBB0118871401007F9A2A /* SquareCamAppDelegate.m in Sources */ = {isa = PBXBuildFile; fileRef = 594BBAF918871401007F9A2A /* SquareCamAppDelegate.m */; };
		594BBB0218871401007F9A2A /* SquareCamViewController.m in Sources */ = {isa = PBXBuildFile; fileRef = 594BBAFB18871401007F9A2A /* SquareCamViewController.m */; };
		594BBB0318871401007F9A2A /* squarePNG.png in Resources */ = {isa = PBXBuildFile; fileRef = 594BBAFC18871401007F9A2A /* squarePNG.png */; };
		594BBB051887150B007F9A2A /* ImageIO.framework in Frameworks */ = {isa = PBXBuildFile; fileRef = 594BBB041887150B007F9A2A /* ImageIO.framework */; };
		594BBB0718871516007F9A2A /* QuartzCore.framework in Frameworks */ = {isa = PBXBuildFile; fileRef = 594BBB0618871516007F9A2A /* QuartzCore.framework */; };
		594BBB0918871523007F9A2A /* CoreMedia.framework in Frameworks */ = {isa = PBXBuildFile; fileRef = 594BBB0818871523007F9A2A /* CoreMedia.framework */; };
		594BBB0B1887152B007F9A2A /* AssetsLibrary.framework in Frameworks */ = {isa = PBXBuildFile; fileRef = 594BBB0A1887152B007F9A2A /* AssetsLibrary.framework */; };
		594BBB0D18871534007F9A2A /* CoreImage.framework in Frameworks */ = {isa = PBXBuildFile; fileRef = 594BBB0C18871534007F9A2A /* CoreImage.framework */; };
		594BBB0F18871539007F9A2A /* AVFoundation.framework in Frameworks */ = {isa = PBXBuildFile; fileRef = 594BBB0E18871539007F9A2A /* AVFoundation.framework */; };
		594BBB1118871541007F9A2A /* CoreVideo.framework in Frameworks */ = {isa = PBXBuildFile; fileRef = 594BBB1018871541007F9A2A /* CoreVideo.framework */; };
		594BBB131887154A007F9A2A /* UIKit.framework in Frameworks */ = {isa = PBXBuildFile; fileRef = 594BBB121887154A007F9A2A /* UIKit.framework */; };
		5962AD9D188A09F2009E64DD /* liblibjpcnn.dylib in Frameworks */ = {isa = PBXBuildFile; fileRef = 5962AD80188A0987009E64DD /* liblibjpcnn.dylib */; };
		5962AD9E188A0A7B009E64DD /* Accelerate.framework in Frameworks */ = {isa = PBXBuildFile; fileRef = 594BBA6D1884A94A007F9A2A /* Accelerate.framework */; };
		598241B8188DE166003F2C0A /* main.cpp in Sources */ = {isa = PBXBuildFile; fileRef = 598241B6188DE0FB003F2C0A /* main.cpp */; };
		59824204188DE27D003F2C0A /* basenode.cpp in Sources */ = {isa = PBXBuildFile; fileRef = 598241BB188DE27D003F2C0A /* basenode.cpp */; };
		59824206188DE27D003F2C0A /* buffer.cpp in Sources */ = {isa = PBXBuildFile; fileRef = 598241BE188DE27D003F2C0A /* buffer.cpp */; };
		59824208188DE27D003F2C0A /* convnode.cpp in Sources */ = {isa = PBXBuildFile; fileRef = 598241C1188DE27D003F2C0A /* convnode.cpp */; };
		5982420A188DE27D003F2C0A /* dropoutnode.cpp in Sources */ = {isa = PBXBuildFile; fileRef = 598241C5188DE27D003F2C0A /* dropoutnode.cpp */; };
		5982420C188DE27D003F2C0A /* flatnode.cpp in Sources */ = {isa = PBXBuildFile; fileRef = 598241C8188DE27D003F2C0A /* flatnode.cpp */; };
		5982420E188DE27D003F2C0A /* gconvnode.cpp in Sources */ = {isa = PBXBuildFile; fileRef = 598241CB188DE27D003F2C0A /* gconvnode.cpp */; };
		59824210188DE27D003F2C0A /* graph.cpp in Sources */ = {isa = PBXBuildFile; fileRef = 598241CE188DE27D003F2C0A /* graph.cpp */; };
		59824212188DE27D003F2C0A /* maxnode.cpp in Sources */ = {isa = PBXBuildFile; fileRef = 598241D1188DE27D003F2C0A /* maxnode.cpp */; };
		59824214188DE27D003F2C0A /* neuronnode.cpp in Sources */ = {isa = PBXBuildFile; fileRef = 598241D4188DE27D003F2C0A /* neuronnode.cpp */; };
		59824216188DE27D003F2C0A /* nodefactory.cpp in Sources */ = {isa = PBXBuildFile; fileRef = 598241D7188DE27D003F2C0A /* nodefactory.cpp */; };
		59824218188DE27D003F2C0A /* normalizenode.cpp in Sources */ = {isa = PBXBuildFile; fileRef = 598241DA188DE27D003F2C0A /* normalizenode.cpp */; };
		5982421A188DE27D003F2C0A /* poolnode.cpp in Sources */ = {isa = PBXBuildFile; fileRef = 598241DD188DE27D003F2C0A /* poolnode.cpp */; };
		5982421C188DE27D003F2C0A /* prepareinput.cpp in Sources */ = {isa = PBXBuildFile; fileRef = 598241E0188DE27D003F2C0A /* prepareinput.cpp */; };
		5982421E188DE27D003F2C0A /* relunode.cpp in Sources */ = {isa = PBXBuildFile; fileRef = 598241E3188DE27D003F2C0A /* relunode.cpp */; };
		59824220188DE27D003F2C0A /* libjpcnn.cpp in Sources */ = {isa = PBXBuildFile; fileRef = 598241E7188DE27D003F2C0A /* libjpcnn.cpp */; };
		59824221188DE27D003F2C0A /* matrix_add.cpp in Sources */ = {isa = PBXBuildFile; fileRef = 598241E9188DE27D003F2C0A /* matrix_add.cpp */; };
		59824223188DE27D003F2C0A /* matrix_channels.cpp in Sources */ = {isa = PBXBuildFile; fileRef = 598241EB188DE27D003F2C0A /* matrix_channels.cpp */; };
		59824225188DE27D003F2C0A /* matrix_correlate.cpp in Sources */ = {isa = PBXBuildFile; fileRef = 598241ED188DE27D003F2C0A /* matrix_correlate.cpp */; };
		59824227188DE27D003F2C0A /* matrix_dot.cpp in Sources */ = {isa = PBXBuildFile; fileRef = 598241EF188DE27D003F2C0A /* matrix_dot.cpp */; };
		59824229188DE27D003F2C0A /* matrix_local_response.cpp in Sources */ = {isa = PBXBuildFile; fileRef = 598241F1188DE27D003F2C0A /* matrix_local_response.cpp */; };
		5982422B188DE27D003F2C0A /* matrix_margin.cpp in Sources */ = {isa = PBXBuildFile; fileRef = 598241F3188DE27D003F2C0A /* matrix_margin.cpp */; };
		5982422D188DE27D003F2C0A /* matrix_max.cpp in Sources */ = {isa = PBXBuildFile; fileRef = 598241F5188DE27D003F2C0A /* matrix_max.cpp */; };
		5982422F188DE27D003F2C0A /* matrix_softmax.cpp in Sources */ = {isa = PBXBuildFile; fileRef = 598241F8188DE27D003F2C0A /* matrix_softmax.cpp */; };
		59824231188DE27D003F2C0A /* stb_image.cpp in Sources */ = {isa = PBXBuildFile; fileRef = 598241FB188DE27D003F2C0A /* stb_image.cpp */; };
		59824234188DE27D003F2C0A /* binary_format.cpp in Sources */ = {isa = PBXBuildFile; fileRef = 59824201188DE27D003F2C0A /* binary_format.cpp */; };
		59824238188DE2F0003F2C0A /* basenode.cpp in Sources */ = {isa = PBXBuildFile; fileRef = 598241BB188DE27D003F2C0A /* basenode.cpp */; };
		59824239188DE2F0003F2C0A /* buffer.cpp in Sources */ = {isa = PBXBuildFile; fileRef = 598241BE188DE27D003F2C0A /* buffer.cpp */; };
		5982423A188DE2F0003F2C0A /* convnode.cpp in Sources */ = {isa = PBXBuildFile; fileRef = 598241C1188DE27D003F2C0A /* convnode.cpp */; };
		5982423B188DE2F0003F2C0A /* dropoutnode.cpp in Sources */ = {isa = PBXBuildFile; fileRef = 598241C5188DE27D003F2C0A /* dropoutnode.cpp */; };
		5982423C188DE2F0003F2C0A /* flatnode.cpp in Sources */ = {isa = PBXBuildFile; fileRef = 598241C8188DE27D003F2C0A /* flatnode.cpp */; };
		5982423D188DE2F0003F2C0A /* gconvnode.cpp in Sources */ = {isa = PBXBuildFile; fileRef = 598241CB188DE27D003F2C0A /* gconvnode.cpp */; };
		5982423E188DE2F0003F2C0A /* graph.cpp in Sources */ = {isa = PBXBuildFile; fileRef = 598241CE188DE27D003F2C0A /* graph.cpp */; };
		5982423F188DE2F0003F2C0A /* maxnode.cpp in Sources */ = {isa = PBXBuildFile; fileRef = 598241D1188DE27D003F2C0A /* maxnode.cpp */; };
		59824240188DE2F0003F2C0A /* neuronnode.cpp in Sources */ = {isa = PBXBuildFile; fileRef = 598241D4188DE27D003F2C0A /* neuronnode.cpp */; };
		59824241188DE2F0003F2C0A /* nodefactory.cpp in Sources */ = {isa = PBXBuildFile; fileRef = 598241D7188DE27D003F2C0A /* nodefactory.cpp */; };
		59824242188DE2F0003F2C0A /* normalizenode.cpp in Sources */ = {isa = PBXBuildFile; fileRef = 598241DA188DE27D003F2C0A /* normalizenode.cpp */; };
		59824243188DE2F0003F2C0A /* poolnode.cpp in Sources */ = {isa = PBXBuildFile; fileRef = 598241DD188DE27D003F2C0A /* poolnode.cpp */; };
		59824244188DE2F0003F2C0A /* prepareinput.cpp in Sources */ = {isa = PBXBuildFile; fileRef = 598241E0188DE27D003F2C0A /* prepareinput.cpp */; };
		59824245188DE2F0003F2C0A /* relunode.cpp in Sources */ = {isa = PBXBuildFile; fileRef = 598241E3188DE27D003F2C0A /* relunode.cpp */; };
		59824246188DE2F0003F2C0A /* libjpcnn.cpp in Sources */ = {isa = PBXBuildFile; fileRef = 598241E7188DE27D003F2C0A /* libjpcnn.cpp */; };
		59824247188DE2F0003F2C0A /* matrix_add.cpp in Sources */ = {isa = PBXBuildFile; fileRef = 598241E9188DE27D003F2C0A /* matrix_add.cpp */; };
		59824248188DE2F0003F2C0A /* matrix_channels.cpp in Sources */ = {isa = PBXBuildFile; fileRef = 598241EB188DE27D003F2C0A /* matrix_channels.cpp */; };
		59824249188DE2F0003F2C0A /* matrix_correlate.cpp in Sources */ = {isa = PBXBuildFile; fileRef = 598241ED188DE27D003F2C0A /* matrix_correlate.cpp */; };
		5982424A188DE2F0003F2C0A /* matrix_dot.cpp in Sources */ = {isa = PBXBuildFile; fileRef = 598241EF188DE27D003F2C0A /* matrix_dot.cpp */; };
		5982424B188DE2F0003F2C0A /* matrix_local_response.cpp in Sources */ = {isa = PBXBuildFile; fileRef = 598241F1188DE27D003F2C0A /* matrix_local_response.cpp */; };
		5982424C188DE2F0003F2C0A /* matrix_margin.cpp in Sources */ = {isa = PBXBuildFile; fileRef = 598241F3188DE27D003F2C0A /* matrix_margin.cpp */; };
		5982424D188DE2F0003F2C0A /* matrix_max.cpp in Sources */ = {isa = PBXBuildFile; fileRef = 598241F5188DE27D003F2C0A /* matrix_max.cpp */; };
		5982424E188DE2F0003F2C0A /* matrix_softmax.cpp in Sources */ = {isa = PBXBuildFile; fileRef = 598241F8188DE27D003F2C0A /* matrix_softmax.cpp */; };
		5982424F188DE2F0003F2C0A /* stb_image.cpp in Sources */ = {isa = PBXBuildFile; fileRef = 598241FB188DE27D003F2C0A /* stb_image.cpp */; };
		59824251188DE2F0003F2C0A /* binary_format.cpp in Sources */ = {isa = PBXBuildFile; fileRef = 59824201188DE27D003F2C0A /* binary_format.cpp */; };
		59824254188DE333003F2C0A /* svmutils.cpp in Sources */ = {isa = PBXBuildFile; fileRef = 59824252188DE333003F2C0A /* svmutils.cpp */; };
		59824257188DE39F003F2C0A /* svm.cpp in Sources */ = {isa = PBXBuildFile; fileRef = 59824255188DE39E003F2C0A /* svm.cpp */; };
		59824258188E039E003F2C0A /* svmutils.cpp in Sources */ = {isa = PBXBuildFile; fileRef = 59824252188DE333003F2C0A /* svmutils.cpp */; };
		5982425D188F2631003F2C0A /* ApplicationServices.framework in Frameworks */ = {isa = PBXBuildFile; fileRef = 5982425C188F2631003F2C0A /* ApplicationServices.framework */; };
		5982425E188F2673003F2C0A /* os_image_load.cpp in Sources */ = {isa = PBXBuildFile; fileRef = 59824259188F1E0F003F2C0A /* os_image_load.cpp */; };
		59DA425C18B4562A00462234 /* matrix_scale.cpp in Sources */ = {isa = PBXBuildFile; fileRef = 591A037618B4559A0014C655 /* matrix_scale.cpp */; };
		59E8BDED18B2A600008F62CC /* os_image_save.cpp in Sources */ = {isa = PBXBuildFile; fileRef = 59DD71FB18B29CC10054D561 /* os_image_save.cpp */; };
/* End PBXBuildFile section */

/* Begin PBXCopyFilesBuildPhase section */
		59D2FBB5187F8D2A00427417 /* CopyFiles */ = {
			isa = PBXCopyFilesBuildPhase;
			buildActionMask = 2147483647;
			dstPath = /usr/share/man/man1/;
			dstSubfolderSpec = 0;
			files = (
			);
			runOnlyForDeploymentPostprocessing = 1;
		};
/* End PBXCopyFilesBuildPhase section */

/* Begin PBXFileReference section */
		591A037618B4559A0014C655 /* matrix_scale.cpp */ = {isa = PBXFileReference; fileEncoding = 4; lastKnownFileType = sourcecode.cpp.cpp; path = matrix_scale.cpp; sourceTree = "<group>"; };
		594BBA6D1884A94A007F9A2A /* Accelerate.framework */ = {isa = PBXFileReference; lastKnownFileType = wrapper.framework; name = Accelerate.framework; path = System/Library/Frameworks/Accelerate.framework; sourceTree = SDKROOT; };
		594BBA821886FE8A007F9A2A /* Deep Belief.app */ = {isa = PBXFileReference; explicitFileType = wrapper.application; includeInIndex = 0; path = "Deep Belief.app"; sourceTree = BUILT_PRODUCTS_DIR; };
		594BBA841886FE8A007F9A2A /* Foundation.framework */ = {isa = PBXFileReference; lastKnownFileType = wrapper.framework; name = Foundation.framework; path = System/Library/Frameworks/Foundation.framework; sourceTree = SDKROOT; };
		594BBA861886FE8A007F9A2A /* CoreGraphics.framework */ = {isa = PBXFileReference; lastKnownFileType = wrapper.framework; name = CoreGraphics.framework; path = System/Library/Frameworks/CoreGraphics.framework; sourceTree = SDKROOT; };
		594BBA881886FE8A007F9A2A /* UIKit.framework */ = {isa = PBXFileReference; lastKnownFileType = wrapper.framework; name = UIKit.framework; path = Library/Frameworks/UIKit.framework; sourceTree = DEVELOPER_DIR; };
		594BBAA61886FE8A007F9A2A /* XCTest.framework */ = {isa = PBXFileReference; lastKnownFileType = wrapper.framework; name = XCTest.framework; path = Library/Frameworks/XCTest.framework; sourceTree = DEVELOPER_DIR; };
		594BBAE81887024B007F9A2A /* imagenet.ntwk */ = {isa = PBXFileReference; lastKnownFileType = file; path = imagenet.ntwk; sourceTree = "<group>"; };
		594BBAE91887024B007F9A2A /* lena.png */ = {isa = PBXFileReference; explicitFileType = archive.tar; path = lena.png; sourceTree = "<group>"; };
		594BBAEE18870D27007F9A2A /* Accelerate.framework */ = {isa = PBXFileReference; lastKnownFileType = wrapper.framework; name = Accelerate.framework; path = Platforms/iPhoneOS.platform/Developer/SDKs/iPhoneOS7.0.sdk/System/Library/Frameworks/Accelerate.framework; sourceTree = DEVELOPER_DIR; };
		594BBAF218871401007F9A2A /* en */ = {isa = PBXFileReference; lastKnownFileType = file.storyboard; name = en; path = MainStoryboard_iPad.storyboard; sourceTree = "<group>"; };
		594BBAF418871401007F9A2A /* en */ = {isa = PBXFileReference; lastKnownFileType = file.storyboard; name = en; path = MainStoryboard_iPhone.storyboard; sourceTree = "<group>"; };
		594BBAF518871401007F9A2A /* Info.plist */ = {isa = PBXFileReference; fileEncoding = 4; lastKnownFileType = text.plist.xml; path = Info.plist; sourceTree = "<group>"; };
		594BBAF618871401007F9A2A /* main.m */ = {isa = PBXFileReference; fileEncoding = 4; lastKnownFileType = sourcecode.c.objc; path = main.m; sourceTree = "<group>"; };
		594BBAF718871401007F9A2A /* Prefix.pch */ = {isa = PBXFileReference; fileEncoding = 4; lastKnownFileType = sourcecode.c.h; path = Prefix.pch; sourceTree = "<group>"; };
		594BBAF818871401007F9A2A /* SquareCamAppDelegate.h */ = {isa = PBXFileReference; fileEncoding = 4; lastKnownFileType = sourcecode.c.h; path = SquareCamAppDelegate.h; sourceTree = "<group>"; };
		594BBAF918871401007F9A2A /* SquareCamAppDelegate.m */ = {isa = PBXFileReference; fileEncoding = 4; lastKnownFileType = sourcecode.c.objc; path = SquareCamAppDelegate.m; sourceTree = "<group>"; };
		594BBAFA18871401007F9A2A /* SquareCamViewController.h */ = {isa = PBXFileReference; fileEncoding = 4; lastKnownFileType = sourcecode.c.h; path = SquareCamViewController.h; sourceTree = "<group>"; };
		594BBAFB18871401007F9A2A /* SquareCamViewController.m */ = {isa = PBXFileReference; fileEncoding = 4; lastKnownFileType = sourcecode.c.objc; path = SquareCamViewController.m; sourceTree = "<group>"; };
		594BBAFC18871401007F9A2A /* squarePNG.png */ = {isa = PBXFileReference; lastKnownFileType = image.png; path = squarePNG.png; sourceTree = "<group>"; };
		594BBB041887150B007F9A2A /* ImageIO.framework */ = {isa = PBXFileReference; lastKnownFileType = wrapper.framework; name = ImageIO.framework; path = Platforms/iPhoneOS.platform/Developer/SDKs/iPhoneOS7.0.sdk/System/Library/Frameworks/ImageIO.framework; sourceTree = DEVELOPER_DIR; };
		594BBB0618871516007F9A2A /* QuartzCore.framework */ = {isa = PBXFileReference; lastKnownFileType = wrapper.framework; name = QuartzCore.framework; path = Platforms/iPhoneOS.platform/Developer/SDKs/iPhoneOS7.0.sdk/System/Library/Frameworks/QuartzCore.framework; sourceTree = DEVELOPER_DIR; };
		594BBB0818871523007F9A2A /* CoreMedia.framework */ = {isa = PBXFileReference; lastKnownFileType = wrapper.framework; name = CoreMedia.framework; path = Platforms/iPhoneOS.platform/Developer/SDKs/iPhoneOS7.0.sdk/System/Library/Frameworks/CoreMedia.framework; sourceTree = DEVELOPER_DIR; };
		594BBB0A1887152B007F9A2A /* AssetsLibrary.framework */ = {isa = PBXFileReference; lastKnownFileType = wrapper.framework; name = AssetsLibrary.framework; path = Platforms/iPhoneOS.platform/Developer/SDKs/iPhoneOS7.0.sdk/System/Library/Frameworks/AssetsLibrary.framework; sourceTree = DEVELOPER_DIR; };
		594BBB0C18871534007F9A2A /* CoreImage.framework */ = {isa = PBXFileReference; lastKnownFileType = wrapper.framework; name = CoreImage.framework; path = Platforms/iPhoneOS.platform/Developer/SDKs/iPhoneOS7.0.sdk/System/Library/Frameworks/CoreImage.framework; sourceTree = DEVELOPER_DIR; };
		594BBB0E18871539007F9A2A /* AVFoundation.framework */ = {isa = PBXFileReference; lastKnownFileType = wrapper.framework; name = AVFoundation.framework; path = Platforms/iPhoneOS.platform/Developer/SDKs/iPhoneOS7.0.sdk/System/Library/Frameworks/AVFoundation.framework; sourceTree = DEVELOPER_DIR; };
		594BBB1018871541007F9A2A /* CoreVideo.framework */ = {isa = PBXFileReference; lastKnownFileType = wrapper.framework; name = CoreVideo.framework; path = Platforms/iPhoneOS.platform/Developer/SDKs/iPhoneOS7.0.sdk/System/Library/Frameworks/CoreVideo.framework; sourceTree = DEVELOPER_DIR; };
		594BBB121887154A007F9A2A /* UIKit.framework */ = {isa = PBXFileReference; lastKnownFileType = wrapper.framework; name = UIKit.framework; path = Platforms/iPhoneOS.platform/Developer/SDKs/iPhoneOS7.0.sdk/System/Library/Frameworks/UIKit.framework; sourceTree = DEVELOPER_DIR; };
		5962AD80188A0987009E64DD /* liblibjpcnn.dylib */ = {isa = PBXFileReference; explicitFileType = "compiled.mach-o.dylib"; includeInIndex = 0; path = liblibjpcnn.dylib; sourceTree = BUILT_PRODUCTS_DIR; };
		598241B6188DE0FB003F2C0A /* main.cpp */ = {isa = PBXFileReference; fileEncoding = 4; lastKnownFileType = sourcecode.cpp.cpp; path = main.cpp; sourceTree = "<group>"; };
		598241BB188DE27D003F2C0A /* basenode.cpp */ = {isa = PBXFileReference; fileEncoding = 4; lastKnownFileType = sourcecode.cpp.cpp; path = basenode.cpp; sourceTree = "<group>"; };
		598241BC188DE27D003F2C0A /* basenode.h */ = {isa = PBXFileReference; fileEncoding = 4; lastKnownFileType = sourcecode.c.h; path = basenode.h; sourceTree = "<group>"; };
		598241BE188DE27D003F2C0A /* buffer.cpp */ = {isa = PBXFileReference; fileEncoding = 4; lastKnownFileType = sourcecode.cpp.cpp; path = buffer.cpp; sourceTree = "<group>"; };
		598241BF188DE27D003F2C0A /* buffer.h */ = {isa = PBXFileReference; fileEncoding = 4; lastKnownFileType = sourcecode.c.h; path = buffer.h; sourceTree = "<group>"; };
		598241C1188DE27D003F2C0A /* convnode.cpp */ = {isa = PBXFileReference; fileEncoding = 4; lastKnownFileType = sourcecode.cpp.cpp; path = convnode.cpp; sourceTree = "<group>"; };
		598241C2188DE27D003F2C0A /* convnode.h */ = {isa = PBXFileReference; fileEncoding = 4; lastKnownFileType = sourcecode.c.h; path = convnode.h; sourceTree = "<group>"; };
		598241C4188DE27D003F2C0A /* dimensions.h */ = {isa = PBXFileReference; fileEncoding = 4; lastKnownFileType = sourcecode.c.h; path = dimensions.h; sourceTree = "<group>"; };
		598241C5188DE27D003F2C0A /* dropoutnode.cpp */ = {isa = PBXFileReference; fileEncoding = 4; lastKnownFileType = sourcecode.cpp.cpp; path = dropoutnode.cpp; sourceTree = "<group>"; };
		598241C6188DE27D003F2C0A /* dropoutnode.h */ = {isa = PBXFileReference; fileEncoding = 4; lastKnownFileType = sourcecode.c.h; path = dropoutnode.h; sourceTree = "<group>"; };
		598241C8188DE27D003F2C0A /* flatnode.cpp */ = {isa = PBXFileReference; fileEncoding = 4; lastKnownFileType = sourcecode.cpp.cpp; path = flatnode.cpp; sourceTree = "<group>"; };
		598241C9188DE27D003F2C0A /* flatnode.h */ = {isa = PBXFileReference; fileEncoding = 4; lastKnownFileType = sourcecode.c.h; path = flatnode.h; sourceTree = "<group>"; };
		598241CB188DE27D003F2C0A /* gconvnode.cpp */ = {isa = PBXFileReference; fileEncoding = 4; lastKnownFileType = sourcecode.cpp.cpp; path = gconvnode.cpp; sourceTree = "<group>"; };
		598241CC188DE27D003F2C0A /* gconvnode.h */ = {isa = PBXFileReference; fileEncoding = 4; lastKnownFileType = sourcecode.c.h; path = gconvnode.h; sourceTree = "<group>"; };
		598241CE188DE27D003F2C0A /* graph.cpp */ = {isa = PBXFileReference; fileEncoding = 4; lastKnownFileType = sourcecode.cpp.cpp; path = graph.cpp; sourceTree = "<group>"; };
		598241CF188DE27D003F2C0A /* graph.h */ = {isa = PBXFileReference; fileEncoding = 4; lastKnownFileType = sourcecode.c.h; path = graph.h; sourceTree = "<group>"; };
		598241D1188DE27D003F2C0A /* maxnode.cpp */ = {isa = PBXFileReference; fileEncoding = 4; lastKnownFileType = sourcecode.cpp.cpp; path = maxnode.cpp; sourceTree = "<group>"; };
		598241D2188DE27D003F2C0A /* maxnode.h */ = {isa = PBXFileReference; fileEncoding = 4; lastKnownFileType = sourcecode.c.h; path = maxnode.h; sourceTree = "<group>"; };
		598241D4188DE27D003F2C0A /* neuronnode.cpp */ = {isa = PBXFileReference; fileEncoding = 4; lastKnownFileType = sourcecode.cpp.cpp; path = neuronnode.cpp; sourceTree = "<group>"; };
		598241D5188DE27D003F2C0A /* neuronnode.h */ = {isa = PBXFileReference; fileEncoding = 4; lastKnownFileType = sourcecode.c.h; path = neuronnode.h; sourceTree = "<group>"; };
		598241D7188DE27D003F2C0A /* nodefactory.cpp */ = {isa = PBXFileReference; fileEncoding = 4; lastKnownFileType = sourcecode.cpp.cpp; path = nodefactory.cpp; sourceTree = "<group>"; };
		598241D8188DE27D003F2C0A /* nodefactory.h */ = {isa = PBXFileReference; fileEncoding = 4; lastKnownFileType = sourcecode.c.h; path = nodefactory.h; sourceTree = "<group>"; };
		598241DA188DE27D003F2C0A /* normalizenode.cpp */ = {isa = PBXFileReference; fileEncoding = 4; lastKnownFileType = sourcecode.cpp.cpp; path = normalizenode.cpp; sourceTree = "<group>"; };
		598241DB188DE27D003F2C0A /* normalizenode.h */ = {isa = PBXFileReference; fileEncoding = 4; lastKnownFileType = sourcecode.c.h; path = normalizenode.h; sourceTree = "<group>"; };
		598241DD188DE27D003F2C0A /* poolnode.cpp */ = {isa = PBXFileReference; fileEncoding = 4; lastKnownFileType = sourcecode.cpp.cpp; path = poolnode.cpp; sourceTree = "<group>"; };
		598241DE188DE27D003F2C0A /* poolnode.h */ = {isa = PBXFileReference; fileEncoding = 4; lastKnownFileType = sourcecode.c.h; path = poolnode.h; sourceTree = "<group>"; };
		598241E0188DE27D003F2C0A /* prepareinput.cpp */ = {isa = PBXFileReference; fileEncoding = 4; lastKnownFileType = sourcecode.cpp.cpp; path = prepareinput.cpp; sourceTree = "<group>"; };
		598241E1188DE27D003F2C0A /* prepareinput.h */ = {isa = PBXFileReference; fileEncoding = 4; lastKnownFileType = sourcecode.c.h; path = prepareinput.h; sourceTree = "<group>"; };
		598241E3188DE27D003F2C0A /* relunode.cpp */ = {isa = PBXFileReference; fileEncoding = 4; lastKnownFileType = sourcecode.cpp.cpp; path = relunode.cpp; sourceTree = "<group>"; };
		598241E4188DE27D003F2C0A /* relunode.h */ = {isa = PBXFileReference; fileEncoding = 4; lastKnownFileType = sourcecode.c.h; path = relunode.h; sourceTree = "<group>"; };
		598241E6188DE27D003F2C0A /* jpcnn.h */ = {isa = PBXFileReference; fileEncoding = 4; lastKnownFileType = sourcecode.c.h; path = jpcnn.h; sourceTree = "<group>"; };
		598241E7188DE27D003F2C0A /* libjpcnn.cpp */ = {isa = PBXFileReference; fileEncoding = 4; lastKnownFileType = sourcecode.cpp.cpp; path = libjpcnn.cpp; sourceTree = "<group>"; };
		598241E9188DE27D003F2C0A /* matrix_add.cpp */ = {isa = PBXFileReference; fileEncoding = 4; lastKnownFileType = sourcecode.cpp.cpp; path = matrix_add.cpp; sourceTree = "<group>"; };
		598241EB188DE27D003F2C0A /* matrix_channels.cpp */ = {isa = PBXFileReference; fileEncoding = 4; lastKnownFileType = sourcecode.cpp.cpp; path = matrix_channels.cpp; sourceTree = "<group>"; };
		598241ED188DE27D003F2C0A /* matrix_correlate.cpp */ = {isa = PBXFileReference; fileEncoding = 4; lastKnownFileType = sourcecode.cpp.cpp; path = matrix_correlate.cpp; sourceTree = "<group>"; };
		598241EF188DE27D003F2C0A /* matrix_dot.cpp */ = {isa = PBXFileReference; fileEncoding = 4; lastKnownFileType = sourcecode.cpp.cpp; path = matrix_dot.cpp; sourceTree = "<group>"; };
		598241F1188DE27D003F2C0A /* matrix_local_response.cpp */ = {isa = PBXFileReference; fileEncoding = 4; lastKnownFileType = sourcecode.cpp.cpp; path = matrix_local_response.cpp; sourceTree = "<group>"; };
		598241F3188DE27D003F2C0A /* matrix_margin.cpp */ = {isa = PBXFileReference; fileEncoding = 4; lastKnownFileType = sourcecode.cpp.cpp; path = matrix_margin.cpp; sourceTree = "<group>"; };
		598241F5188DE27D003F2C0A /* matrix_max.cpp */ = {isa = PBXFileReference; fileEncoding = 4; lastKnownFileType = sourcecode.cpp.cpp; path = matrix_max.cpp; sourceTree = "<group>"; };
		598241F7188DE27D003F2C0A /* matrix_ops.h */ = {isa = PBXFileReference; fileEncoding = 4; lastKnownFileType = sourcecode.c.h; path = matrix_ops.h; sourceTree = "<group>"; };
		598241F8188DE27D003F2C0A /* matrix_softmax.cpp */ = {isa = PBXFileReference; fileEncoding = 4; lastKnownFileType = sourcecode.cpp.cpp; path = matrix_softmax.cpp; sourceTree = "<group>"; };
		598241FB188DE27D003F2C0A /* stb_image.cpp */ = {isa = PBXFileReference; fileEncoding = 4; lastKnownFileType = sourcecode.cpp.cpp; path = stb_image.cpp; sourceTree = "<group>"; };
		598241FC188DE27D003F2C0A /* stb_image.h */ = {isa = PBXFileReference; fileEncoding = 4; lastKnownFileType = sourcecode.c.h; path = stb_image.h; sourceTree = "<group>"; };
		59824201188DE27D003F2C0A /* binary_format.cpp */ = {isa = PBXFileReference; fileEncoding = 4; lastKnownFileType = sourcecode.cpp.cpp; path = binary_format.cpp; sourceTree = "<group>"; };
		59824202188DE27D003F2C0A /* binary_format.h */ = {isa = PBXFileReference; fileEncoding = 4; lastKnownFileType = sourcecode.c.h; path = binary_format.h; sourceTree = "<group>"; };
		59824237188DE285003F2C0A /* libjpcnn.h */ = {isa = PBXFileReference; fileEncoding = 4; lastKnownFileType = sourcecode.c.h; path = libjpcnn.h; sourceTree = "<group>"; };
		59824252188DE333003F2C0A /* svmutils.cpp */ = {isa = PBXFileReference; fileEncoding = 4; lastKnownFileType = sourcecode.cpp.cpp; path = svmutils.cpp; sourceTree = "<group>"; };
		59824253188DE333003F2C0A /* svmutils.h */ = {isa = PBXFileReference; fileEncoding = 4; lastKnownFileType = sourcecode.c.h; path = svmutils.h; sourceTree = "<group>"; };
		59824255188DE39E003F2C0A /* svm.cpp */ = {isa = PBXFileReference; fileEncoding = 4; lastKnownFileType = sourcecode.cpp.cpp; path = svm.cpp; sourceTree = "<group>"; };
		59824256188DE39F003F2C0A /* svm.h */ = {isa = PBXFileReference; fileEncoding = 4; lastKnownFileType = sourcecode.c.h; path = svm.h; sourceTree = "<group>"; };
		59824259188F1E0F003F2C0A /* os_image_load.cpp */ = {isa = PBXFileReference; fileEncoding = 4; lastKnownFileType = sourcecode.cpp.cpp; path = os_image_load.cpp; sourceTree = "<group>"; };
		5982425A188F1E0F003F2C0A /* os_image_load.h */ = {isa = PBXFileReference; fileEncoding = 4; lastKnownFileType = sourcecode.c.h; path = os_image_load.h; sourceTree = "<group>"; };
		5982425C188F2631003F2C0A /* ApplicationServices.framework */ = {isa = PBXFileReference; lastKnownFileType = wrapper.framework; name = ApplicationServices.framework; path = System/Library/Frameworks/ApplicationServices.framework; sourceTree = SDKROOT; };
		59D2FBB7187F8D2A00427417 /* jpcnn */ = {isa = PBXFileReference; explicitFileType = "compiled.mach-o.executable"; includeInIndex = 0; path = jpcnn; sourceTree = BUILT_PRODUCTS_DIR; };
		59DD71FB18B29CC10054D561 /* os_image_save.cpp */ = {isa = PBXFileReference; fileEncoding = 4; lastKnownFileType = sourcecode.cpp.cpp; path = os_image_save.cpp; sourceTree = "<group>"; };
		59DD71FC18B29CC10054D561 /* os_image_save.h */ = {isa = PBXFileReference; fileEncoding = 4; lastKnownFileType = sourcecode.c.h; path = os_image_save.h; sourceTree = "<group>"; };
/* End PBXFileReference section */

/* Begin PBXFrameworksBuildPhase section */
		594BBA7F1886FE89007F9A2A /* Frameworks */ = {
			isa = PBXFrameworksBuildPhase;
			buildActionMask = 2147483647;
			files = (
				5930AA8D188A23DA00997469 /* Accelerate.framework in Frameworks */,
				594BBB131887154A007F9A2A /* UIKit.framework in Frameworks */,
				594BBB1118871541007F9A2A /* CoreVideo.framework in Frameworks */,
				594BBB0F18871539007F9A2A /* AVFoundation.framework in Frameworks */,
				594BBB0D18871534007F9A2A /* CoreImage.framework in Frameworks */,
				594BBB0B1887152B007F9A2A /* AssetsLibrary.framework in Frameworks */,
				594BBB0918871523007F9A2A /* CoreMedia.framework in Frameworks */,
				594BBB0718871516007F9A2A /* QuartzCore.framework in Frameworks */,
				594BBB051887150B007F9A2A /* ImageIO.framework in Frameworks */,
				594BBA871886FE8A007F9A2A /* CoreGraphics.framework in Frameworks */,
				594BBA891886FE8A007F9A2A /* UIKit.framework in Frameworks */,
				594BBA851886FE8A007F9A2A /* Foundation.framework in Frameworks */,
			);
			runOnlyForDeploymentPostprocessing = 0;
		};
		5962AD7D188A0987009E64DD /* Frameworks */ = {
			isa = PBXFrameworksBuildPhase;
			buildActionMask = 2147483647;
			files = (
				5982425D188F2631003F2C0A /* ApplicationServices.framework in Frameworks */,
				5962AD9E188A0A7B009E64DD /* Accelerate.framework in Frameworks */,
			);
			runOnlyForDeploymentPostprocessing = 0;
		};
		59D2FBB4187F8D2A00427417 /* Frameworks */ = {
			isa = PBXFrameworksBuildPhase;
			buildActionMask = 2147483647;
			files = (
				5962AD9D188A09F2009E64DD /* liblibjpcnn.dylib in Frameworks */,
			);
			runOnlyForDeploymentPostprocessing = 0;
		};
/* End PBXFrameworksBuildPhase section */

/* Begin PBXGroup section */
		594BBA6F1884A996007F9A2A /* frameworks */ = {
			isa = PBXGroup;
			children = (
				594BBA6D1884A94A007F9A2A /* Accelerate.framework */,
			);
			name = frameworks;
			sourceTree = "<group>";
		};
		594BBA831886FE8A007F9A2A /* Frameworks */ = {
			isa = PBXGroup;
			children = (
				5982425C188F2631003F2C0A /* ApplicationServices.framework */,
				594BBB121887154A007F9A2A /* UIKit.framework */,
				594BBB1018871541007F9A2A /* CoreVideo.framework */,
				594BBB0E18871539007F9A2A /* AVFoundation.framework */,
				594BBB0C18871534007F9A2A /* CoreImage.framework */,
				594BBB0A1887152B007F9A2A /* AssetsLibrary.framework */,
				594BBB0818871523007F9A2A /* CoreMedia.framework */,
				594BBB0618871516007F9A2A /* QuartzCore.framework */,
				594BBB041887150B007F9A2A /* ImageIO.framework */,
				594BBAEE18870D27007F9A2A /* Accelerate.framework */,
				594BBA841886FE8A007F9A2A /* Foundation.framework */,
				594BBA861886FE8A007F9A2A /* CoreGraphics.framework */,
				594BBA881886FE8A007F9A2A /* UIKit.framework */,
				594BBAA61886FE8A007F9A2A /* XCTest.framework */,
			);
			name = Frameworks;
			sourceTree = "<group>";
		};
		594BBA8A1886FE8A007F9A2A /* jpcnn_ios */ = {
			isa = PBXGroup;
			children = (
				594BBAF018871401007F9A2A /* en.lproj */,
				594BBAF518871401007F9A2A /* Info.plist */,
				594BBAF618871401007F9A2A /* main.m */,
				594BBAF718871401007F9A2A /* Prefix.pch */,
				594BBAF818871401007F9A2A /* SquareCamAppDelegate.h */,
				594BBAF918871401007F9A2A /* SquareCamAppDelegate.m */,
				594BBAFA18871401007F9A2A /* SquareCamViewController.h */,
				594BBAFB18871401007F9A2A /* SquareCamViewController.m */,
				594BBAFC18871401007F9A2A /* squarePNG.png */,
			);
			path = jpcnn_ios;
			sourceTree = "<group>";
		};
		594BBAE61887024B007F9A2A /* data */ = {
			isa = PBXGroup;
			children = (
				594BBAE71887024B007F9A2A /* example_networks */,
				594BBAE91887024B007F9A2A /* lena.png */,
			);
			path = data;
			sourceTree = "<group>";
		};
		594BBAE71887024B007F9A2A /* example_networks */ = {
			isa = PBXGroup;
			children = (
				594BBAE81887024B007F9A2A /* imagenet.ntwk */,
			);
			path = example_networks;
			sourceTree = "<group>";
		};
		594BBAF018871401007F9A2A /* en.lproj */ = {
			isa = PBXGroup;
			children = (
				594BBAF118871401007F9A2A /* MainStoryboard_iPad.storyboard */,
				594BBAF318871401007F9A2A /* MainStoryboard_iPhone.storyboard */,
			);
			path = en.lproj;
			sourceTree = "<group>";
		};
		598241B5188DE0FB003F2C0A /* tool */ = {
			isa = PBXGroup;
			children = (
				598241B6188DE0FB003F2C0A /* main.cpp */,
				59824255188DE39E003F2C0A /* svm.cpp */,
				59824256188DE39F003F2C0A /* svm.h */,
				59824252188DE333003F2C0A /* svmutils.cpp */,
				59824253188DE333003F2C0A /* svmutils.h */,
			);
			path = tool;
			sourceTree = "<group>";
		};
		598241B9188DE27D003F2C0A /* lib */ = {
			isa = PBXGroup;
			children = (
				598241BA188DE27D003F2C0A /* graph */,
				598241E6188DE27D003F2C0A /* jpcnn.h */,
				598241E7188DE27D003F2C0A /* libjpcnn.cpp */,
				598241E8188DE27D003F2C0A /* math */,
				598241FA188DE27D003F2C0A /* third_party */,
				59824200188DE27D003F2C0A /* utility */,
			);
			path = lib;
			sourceTree = "<group>";
		};
		598241BA188DE27D003F2C0A /* graph */ = {
			isa = PBXGroup;
			children = (
				598241BB188DE27D003F2C0A /* basenode.cpp */,
				598241BC188DE27D003F2C0A /* basenode.h */,
				598241BE188DE27D003F2C0A /* buffer.cpp */,
				598241BF188DE27D003F2C0A /* buffer.h */,
				598241C1188DE27D003F2C0A /* convnode.cpp */,
				598241C2188DE27D003F2C0A /* convnode.h */,
				598241C4188DE27D003F2C0A /* dimensions.h */,
				598241C5188DE27D003F2C0A /* dropoutnode.cpp */,
				598241C6188DE27D003F2C0A /* dropoutnode.h */,
				598241C8188DE27D003F2C0A /* flatnode.cpp */,
				598241C9188DE27D003F2C0A /* flatnode.h */,
				598241CB188DE27D003F2C0A /* gconvnode.cpp */,
				598241CC188DE27D003F2C0A /* gconvnode.h */,
				598241CE188DE27D003F2C0A /* graph.cpp */,
				598241CF188DE27D003F2C0A /* graph.h */,
				598241D1188DE27D003F2C0A /* maxnode.cpp */,
				598241D2188DE27D003F2C0A /* maxnode.h */,
				598241D4188DE27D003F2C0A /* neuronnode.cpp */,
				598241D5188DE27D003F2C0A /* neuronnode.h */,
				598241D7188DE27D003F2C0A /* nodefactory.cpp */,
				598241D8188DE27D003F2C0A /* nodefactory.h */,
				598241DA188DE27D003F2C0A /* normalizenode.cpp */,
				598241DB188DE27D003F2C0A /* normalizenode.h */,
				598241DD188DE27D003F2C0A /* poolnode.cpp */,
				598241DE188DE27D003F2C0A /* poolnode.h */,
				598241E0188DE27D003F2C0A /* prepareinput.cpp */,
				598241E1188DE27D003F2C0A /* prepareinput.h */,
				598241E3188DE27D003F2C0A /* relunode.cpp */,
				598241E4188DE27D003F2C0A /* relunode.h */,
			);
			path = graph;
			sourceTree = "<group>";
		};
		598241E8188DE27D003F2C0A /* math */ = {
			isa = PBXGroup;
			children = (
				598241E9188DE27D003F2C0A /* matrix_add.cpp */,
				598241EB188DE27D003F2C0A /* matrix_channels.cpp */,
				598241ED188DE27D003F2C0A /* matrix_correlate.cpp */,
				598241EF188DE27D003F2C0A /* matrix_dot.cpp */,
				598241F1188DE27D003F2C0A /* matrix_local_response.cpp */,
				598241F3188DE27D003F2C0A /* matrix_margin.cpp */,
				598241F5188DE27D003F2C0A /* matrix_max.cpp */,
				598241F7188DE27D003F2C0A /* matrix_ops.h */,
				591A037618B4559A0014C655 /* matrix_scale.cpp */,
				598241F8188DE27D003F2C0A /* matrix_softmax.cpp */,
			);
			path = math;
			sourceTree = "<group>";
		};
		598241FA188DE27D003F2C0A /* third_party */ = {
			isa = PBXGroup;
			children = (
				598241FB188DE27D003F2C0A /* stb_image.cpp */,
				598241FC188DE27D003F2C0A /* stb_image.h */,
			);
			path = third_party;
			sourceTree = "<group>";
		};
		59824200188DE27D003F2C0A /* utility */ = {
			isa = PBXGroup;
			children = (
				59824201188DE27D003F2C0A /* binary_format.cpp */,
				59824202188DE27D003F2C0A /* binary_format.h */,
				59824259188F1E0F003F2C0A /* os_image_load.cpp */,
				5982425A188F1E0F003F2C0A /* os_image_load.h */,
				59DD71FB18B29CC10054D561 /* os_image_save.cpp */,
				59DD71FC18B29CC10054D561 /* os_image_save.h */,
			);
			path = utility;
			sourceTree = "<group>";
		};
		59824236188DE285003F2C0A /* include */ = {
			isa = PBXGroup;
			children = (
				59824237188DE285003F2C0A /* libjpcnn.h */,
			);
			path = include;
			sourceTree = "<group>";
		};
		59D2FBAE187F8D2A00427417 = {
			isa = PBXGroup;
			children = (
				594BBAE61887024B007F9A2A /* data */,
				59D2FBC3187F8D9000427417 /* src */,
				594BBA6F1884A996007F9A2A /* frameworks */,
				594BBA8A1886FE8A007F9A2A /* jpcnn_ios */,
				594BBA831886FE8A007F9A2A /* Frameworks */,
				59D2FBB8187F8D2A00427417 /* Products */,
			);
			sourceTree = "<group>";
		};
		59D2FBB8187F8D2A00427417 /* Products */ = {
			isa = PBXGroup;
			children = (
				59D2FBB7187F8D2A00427417 /* jpcnn */,
				594BBA821886FE8A007F9A2A /* Deep Belief.app */,
				5962AD80188A0987009E64DD /* liblibjpcnn.dylib */,
			);
			name = Products;
			sourceTree = "<group>";
		};
		59D2FBC3187F8D9000427417 /* src */ = {
			isa = PBXGroup;
			children = (
				59824236188DE285003F2C0A /* include */,
				598241B9188DE27D003F2C0A /* lib */,
				598241B5188DE0FB003F2C0A /* tool */,
			);
			path = src;
			sourceTree = "<group>";
		};
/* End PBXGroup section */

/* Begin PBXHeadersBuildPhase section */
		5962AD7E188A0987009E64DD /* Headers */ = {
			isa = PBXHeadersBuildPhase;
			buildActionMask = 2147483647;
			files = (
			);
			runOnlyForDeploymentPostprocessing = 0;
		};
/* End PBXHeadersBuildPhase section */

/* Begin PBXNativeTarget section */
		594BBA811886FE89007F9A2A /* jpcnn_ios */ = {
			isa = PBXNativeTarget;
			buildConfigurationList = 594BBAB41886FE8A007F9A2A /* Build configuration list for PBXNativeTarget "jpcnn_ios" */;
			buildPhases = (
				594BBA7E1886FE89007F9A2A /* Sources */,
				594BBA7F1886FE89007F9A2A /* Frameworks */,
				594BBA801886FE89007F9A2A /* Resources */,
			);
			buildRules = (
			);
			dependencies = (
			);
			name = jpcnn_ios;
			productName = jpcnn_ios;
			productReference = 594BBA821886FE8A007F9A2A /* Deep Belief.app */;
			productType = "com.apple.product-type.application";
		};
		5962AD7F188A0987009E64DD /* libjpcnn */ = {
			isa = PBXNativeTarget;
			buildConfigurationList = 5962AD81188A0987009E64DD /* Build configuration list for PBXNativeTarget "libjpcnn" */;
			buildPhases = (
				5962AD7C188A0987009E64DD /* Sources */,
				5962AD7D188A0987009E64DD /* Frameworks */,
				5962AD7E188A0987009E64DD /* Headers */,
			);
			buildRules = (
			);
			dependencies = (
			);
			name = libjpcnn;
			productName = libjpcnn;
			productReference = 5962AD80188A0987009E64DD /* liblibjpcnn.dylib */;
			productType = "com.apple.product-type.library.dynamic";
		};
		59D2FBB6187F8D2A00427417 /* jpcnn */ = {
			isa = PBXNativeTarget;
			buildConfigurationList = 59D2FBC0187F8D2A00427417 /* Build configuration list for PBXNativeTarget "jpcnn" */;
			buildPhases = (
				59D2FBB3187F8D2A00427417 /* Sources */,
				59D2FBB4187F8D2A00427417 /* Frameworks */,
				59D2FBB5187F8D2A00427417 /* CopyFiles */,
			);
			buildRules = (
			);
			dependencies = (
			);
			name = jpcnn;
			productName = jpcnn;
			productReference = 59D2FBB7187F8D2A00427417 /* jpcnn */;
			productType = "com.apple.product-type.tool";
		};
/* End PBXNativeTarget section */

/* Begin PBXProject section */
		59D2FBAF187F8D2A00427417 /* Project object */ = {
			isa = PBXProject;
			attributes = {
				LastUpgradeCheck = 0500;
				ORGANIZATIONNAME = "Jetpac, Inc";
			};
			buildConfigurationList = 59D2FBB2187F8D2A00427417 /* Build configuration list for PBXProject "jpcnn" */;
			compatibilityVersion = "Xcode 3.2";
			developmentRegion = English;
			hasScannedForEncodings = 0;
			knownRegions = (
				en,
				Base,
			);
			mainGroup = 59D2FBAE187F8D2A00427417;
			productRefGroup = 59D2FBB8187F8D2A00427417 /* Products */;
			projectDirPath = "";
			projectRoot = "";
			targets = (
				59D2FBB6187F8D2A00427417 /* jpcnn */,
				594BBA811886FE89007F9A2A /* jpcnn_ios */,
				5962AD7F188A0987009E64DD /* libjpcnn */,
			);
		};
/* End PBXProject section */

/* Begin PBXResourcesBuildPhase section */
		594BBA801886FE89007F9A2A /* Resources */ = {
			isa = PBXResourcesBuildPhase;
			buildActionMask = 2147483647;
			files = (
				594BBAFD18871401007F9A2A /* MainStoryboard_iPad.storyboard in Resources */,
				594BBAEA1887024B007F9A2A /* imagenet.ntwk in Resources */,
				594BBAFE18871401007F9A2A /* MainStoryboard_iPhone.storyboard in Resources */,
				594BBB0318871401007F9A2A /* squarePNG.png in Resources */,
				594BBAEB1887024B007F9A2A /* lena.png in Resources */,
			);
			runOnlyForDeploymentPostprocessing = 0;
		};
/* End PBXResourcesBuildPhase section */

/* Begin PBXSourcesBuildPhase section */
		594BBA7E1886FE89007F9A2A /* Sources */ = {
			isa = PBXSourcesBuildPhase;
			buildActionMask = 2147483647;
			files = (
				59824204188DE27D003F2C0A /* basenode.cpp in Sources */,
				5982422F188DE27D003F2C0A /* matrix_softmax.cpp in Sources */,
				59824220188DE27D003F2C0A /* libjpcnn.cpp in Sources */,
				5982421E188DE27D003F2C0A /* relunode.cpp in Sources */,
				5982422D188DE27D003F2C0A /* matrix_max.cpp in Sources */,
				59824208188DE27D003F2C0A /* convnode.cpp in Sources */,
				5982421C188DE27D003F2C0A /* prepareinput.cpp in Sources */,
				5982420A188DE27D003F2C0A /* dropoutnode.cpp in Sources */,
				59824234188DE27D003F2C0A /* binary_format.cpp in Sources */,
				59824231188DE27D003F2C0A /* stb_image.cpp in Sources */,
				5982420C188DE27D003F2C0A /* flatnode.cpp in Sources */,
				59824218188DE27D003F2C0A /* normalizenode.cpp in Sources */,
				5982420E188DE27D003F2C0A /* gconvnode.cpp in Sources */,
				59824214188DE27D003F2C0A /* neuronnode.cpp in Sources */,
				594BBB0018871401007F9A2A /* main.m in Sources */,
				59824206188DE27D003F2C0A /* buffer.cpp in Sources */,
				59824212188DE27D003F2C0A /* maxnode.cpp in Sources */,
				5982422B188DE27D003F2C0A /* matrix_margin.cpp in Sources */,
				59824225188DE27D003F2C0A /* matrix_correlate.cpp in Sources */,
				59824229188DE27D003F2C0A /* matrix_local_response.cpp in Sources */,
				59824227188DE27D003F2C0A /* matrix_dot.cpp in Sources */,
				594BBB0218871401007F9A2A /* SquareCamViewController.m in Sources */,
				59824210188DE27D003F2C0A /* graph.cpp in Sources */,
				59824221188DE27D003F2C0A /* matrix_add.cpp in Sources */,
				59824254188DE333003F2C0A /* svmutils.cpp in Sources */,
				5982421A188DE27D003F2C0A /* poolnode.cpp in Sources */,
				59824216188DE27D003F2C0A /* nodefactory.cpp in Sources */,
				594BBB0118871401007F9A2A /* SquareCamAppDelegate.m in Sources */,
				59824223188DE27D003F2C0A /* matrix_channels.cpp in Sources */,
			);
			runOnlyForDeploymentPostprocessing = 0;
		};
		5962AD7C188A0987009E64DD /* Sources */ = {
			isa = PBXSourcesBuildPhase;
			buildActionMask = 2147483647;
			files = (
				59DA425C18B4562A00462234 /* matrix_scale.cpp in Sources */,
				59E8BDED18B2A600008F62CC /* os_image_save.cpp in Sources */,
				5982425E188F2673003F2C0A /* os_image_load.cpp in Sources */,
				59824238188DE2F0003F2C0A /* basenode.cpp in Sources */,
				59824239188DE2F0003F2C0A /* buffer.cpp in Sources */,
				5982423A188DE2F0003F2C0A /* convnode.cpp in Sources */,
				5982423B188DE2F0003F2C0A /* dropoutnode.cpp in Sources */,
				5982423C188DE2F0003F2C0A /* flatnode.cpp in Sources */,
				5982423D188DE2F0003F2C0A /* gconvnode.cpp in Sources */,
				5982423E188DE2F0003F2C0A /* graph.cpp in Sources */,
				5982423F188DE2F0003F2C0A /* maxnode.cpp in Sources */,
				59824240188DE2F0003F2C0A /* neuronnode.cpp in Sources */,
				59824241188DE2F0003F2C0A /* nodefactory.cpp in Sources */,
				59824242188DE2F0003F2C0A /* normalizenode.cpp in Sources */,
				59824243188DE2F0003F2C0A /* poolnode.cpp in Sources */,
				59824244188DE2F0003F2C0A /* prepareinput.cpp in Sources */,
				59824245188DE2F0003F2C0A /* relunode.cpp in Sources */,
				59824246188DE2F0003F2C0A /* libjpcnn.cpp in Sources */,
				59824247188DE2F0003F2C0A /* matrix_add.cpp in Sources */,
				59824248188DE2F0003F2C0A /* matrix_channels.cpp in Sources */,
				59824249188DE2F0003F2C0A /* matrix_correlate.cpp in Sources */,
				5982424A188DE2F0003F2C0A /* matrix_dot.cpp in Sources */,
				5982424B188DE2F0003F2C0A /* matrix_local_response.cpp in Sources */,
				5982424C188DE2F0003F2C0A /* matrix_margin.cpp in Sources */,
				5982424D188DE2F0003F2C0A /* matrix_max.cpp in Sources */,
				5982424E188DE2F0003F2C0A /* matrix_softmax.cpp in Sources */,
				5982424F188DE2F0003F2C0A /* stb_image.cpp in Sources */,
				59824251188DE2F0003F2C0A /* binary_format.cpp in Sources */,
			);
			runOnlyForDeploymentPostprocessing = 0;
		};
		59D2FBB3187F8D2A00427417 /* Sources */ = {
			isa = PBXSourcesBuildPhase;
			buildActionMask = 2147483647;
			files = (
				59824258188E039E003F2C0A /* svmutils.cpp in Sources */,
				59824257188DE39F003F2C0A /* svm.cpp in Sources */,
				598241B8188DE166003F2C0A /* main.cpp in Sources */,
			);
			runOnlyForDeploymentPostprocessing = 0;
		};
/* End PBXSourcesBuildPhase section */

/* Begin PBXVariantGroup section */
		594BBAF118871401007F9A2A /* MainStoryboard_iPad.storyboard */ = {
			isa = PBXVariantGroup;
			children = (
				594BBAF218871401007F9A2A /* en */,
			);
			name = MainStoryboard_iPad.storyboard;
			sourceTree = "<group>";
		};
		594BBAF318871401007F9A2A /* MainStoryboard_iPhone.storyboard */ = {
			isa = PBXVariantGroup;
			children = (
				594BBAF418871401007F9A2A /* en */,
			);
			name = MainStoryboard_iPhone.storyboard;
			sourceTree = "<group>";
		};
/* End PBXVariantGroup section */

/* Begin XCBuildConfiguration section */
		594BBAB51886FE8A007F9A2A /* Debug */ = {
			isa = XCBuildConfiguration;
			buildSettings = {
				ARCHS = "$(ARCHS_STANDARD_INCLUDING_64_BIT)";
				ASSETCATALOG_COMPILER_APPICON_NAME = AppIcon;
				ASSETCATALOG_COMPILER_LAUNCHIMAGE_NAME = LaunchImage;
				CLANG_ENABLE_MODULES = YES;
				CLANG_ENABLE_OBJC_ARC = NO;
				"CODE_SIGN_IDENTITY[sdk=iphoneos*]" = "iPhone Developer";
				FRAMEWORK_SEARCH_PATHS = (
					"$(inherited)",
					"$(DEVELOPER_FRAMEWORKS_DIR)",
				);
				GCC_PRECOMPILE_PREFIX_HEADER = YES;
				GCC_PREPROCESSOR_DEFINITIONS = (
					"DEBUG=1",
					"$(inherited)",
					"USE_ACCELERATE_GEMM=1",
				);
				INFOPLIST_FILE = "$(SRCROOT)/jpcnn_ios/Info.plist";
				IPHONEOS_DEPLOYMENT_TARGET = 7.0;
				ONLY_ACTIVE_ARCH = NO;
				PRODUCT_NAME = "Deep Belief";
				SDKROOT = iphoneos;
				TARGETED_DEVICE_FAMILY = "1,2";
				WRAPPER_EXTENSION = app;
			};
			name = Debug;
		};
		594BBAB61886FE8A007F9A2A /* Release */ = {
			isa = XCBuildConfiguration;
			buildSettings = {
				ARCHS = "$(ARCHS_STANDARD_INCLUDING_64_BIT)";
				ASSETCATALOG_COMPILER_APPICON_NAME = AppIcon;
				ASSETCATALOG_COMPILER_LAUNCHIMAGE_NAME = LaunchImage;
				CLANG_ENABLE_MODULES = YES;
				CLANG_ENABLE_OBJC_ARC = NO;
				"CODE_SIGN_IDENTITY[sdk=iphoneos*]" = "iPhone Developer";
				FRAMEWORK_SEARCH_PATHS = (
					"$(inherited)",
					"$(DEVELOPER_FRAMEWORKS_DIR)",
				);
				GCC_FAST_MATH = YES;
				GCC_PRECOMPILE_PREFIX_HEADER = YES;
				GCC_PREPROCESSOR_DEFINITIONS = "USE_ACCELERATE_GEMM=1";
				GCC_UNROLL_LOOPS = YES;
				INFOPLIST_FILE = "$(SRCROOT)/jpcnn_ios/Info.plist";
				IPHONEOS_DEPLOYMENT_TARGET = 7.0;
				LLVM_LTO = YES;
				LLVM_VECTORIZE_LOOPS = YES;
				ONLY_ACTIVE_ARCH = NO;
				PRODUCT_NAME = "Deep Belief";
				SDKROOT = iphoneos;
				TARGETED_DEVICE_FAMILY = "1,2";
				VALIDATE_PRODUCT = YES;
				WRAPPER_EXTENSION = app;
			};
			name = Release;
		};
		5962AD82188A0987009E64DD /* Debug */ = {
			isa = XCBuildConfiguration;
			buildSettings = {
				EXECUTABLE_PREFIX = lib;
				GCC_PREPROCESSOR_DEFINITIONS = (
					"$(inherited)",
					USE_OS_IMAGE,
				);
				PRODUCT_NAME = "$(TARGET_NAME)";
			};
			name = Debug;
		};
		5962AD83188A0987009E64DD /* Release */ = {
			isa = XCBuildConfiguration;
			buildSettings = {
				EXECUTABLE_PREFIX = lib;
				GCC_PREPROCESSOR_DEFINITIONS = (
					"USE_ACCELERATE_GEMM=1",
					USE_OS_IMAGE,
				);
				PRODUCT_NAME = "$(TARGET_NAME)";
			};
			name = Release;
		};
		59D2FBBE187F8D2A00427417 /* Debug */ = {
			isa = XCBuildConfiguration;
			buildSettings = {
				ALWAYS_SEARCH_USER_PATHS = NO;
				CLANG_CXX_LANGUAGE_STANDARD = "gnu++0x";
				CLANG_CXX_LIBRARY = "libc++";
				CLANG_ENABLE_OBJC_ARC = YES;
				CLANG_WARN_BOOL_CONVERSION = YES;
				CLANG_WARN_CONSTANT_CONVERSION = YES;
				CLANG_WARN_DIRECT_OBJC_ISA_USAGE = YES_ERROR;
				CLANG_WARN_EMPTY_BODY = YES;
				CLANG_WARN_ENUM_CONVERSION = YES;
				CLANG_WARN_INT_CONVERSION = YES;
				CLANG_WARN_OBJC_ROOT_CLASS = YES_ERROR;
				CLANG_WARN__DUPLICATE_METHOD_MATCH = YES;
				COPY_PHASE_STRIP = NO;
				GCC_C_LANGUAGE_STANDARD = gnu99;
				GCC_DYNAMIC_NO_PIC = NO;
				GCC_ENABLE_OBJC_EXCEPTIONS = YES;
				GCC_OPTIMIZATION_LEVEL = 0;
				GCC_PREPROCESSOR_DEFINITIONS = (
					"DEBUG=1",
					"$(inherited)",
				);
				GCC_SYMBOLS_PRIVATE_EXTERN = NO;
				GCC_WARN_64_TO_32_BIT_CONVERSION = YES;
				GCC_WARN_ABOUT_RETURN_TYPE = YES_ERROR;
				GCC_WARN_UNDECLARED_SELECTOR = YES;
				GCC_WARN_UNINITIALIZED_AUTOS = YES;
				GCC_WARN_UNUSED_FUNCTION = YES;
				GCC_WARN_UNUSED_VARIABLE = YES;
				MACOSX_DEPLOYMENT_TARGET = 10.8;
				ONLY_ACTIVE_ARCH = YES;
				SDKROOT = macosx;
			};
			name = Debug;
		};
		59D2FBBF187F8D2A00427417 /* Release */ = {
			isa = XCBuildConfiguration;
			buildSettings = {
				ALWAYS_SEARCH_USER_PATHS = NO;
				CLANG_CXX_LANGUAGE_STANDARD = "gnu++0x";
				CLANG_CXX_LIBRARY = "libc++";
				CLANG_ENABLE_OBJC_ARC = YES;
				CLANG_WARN_BOOL_CONVERSION = YES;
				CLANG_WARN_CONSTANT_CONVERSION = YES;
				CLANG_WARN_DIRECT_OBJC_ISA_USAGE = YES_ERROR;
				CLANG_WARN_EMPTY_BODY = YES;
				CLANG_WARN_ENUM_CONVERSION = YES;
				CLANG_WARN_INT_CONVERSION = YES;
				CLANG_WARN_OBJC_ROOT_CLASS = YES_ERROR;
				CLANG_WARN__DUPLICATE_METHOD_MATCH = YES;
				COPY_PHASE_STRIP = YES;
				DEBUG_INFORMATION_FORMAT = "dwarf-with-dsym";
				ENABLE_NS_ASSERTIONS = NO;
				GCC_C_LANGUAGE_STANDARD = gnu99;
				GCC_ENABLE_OBJC_EXCEPTIONS = YES;
				GCC_WARN_64_TO_32_BIT_CONVERSION = YES;
				GCC_WARN_ABOUT_RETURN_TYPE = YES_ERROR;
				GCC_WARN_UNDECLARED_SELECTOR = YES;
				GCC_WARN_UNINITIALIZED_AUTOS = YES;
				GCC_WARN_UNUSED_FUNCTION = YES;
				GCC_WARN_UNUSED_VARIABLE = YES;
				MACOSX_DEPLOYMENT_TARGET = 10.8;
				SDKROOT = macosx;
			};
			name = Release;
		};
		59D2FBC1187F8D2A00427417 /* Debug */ = {
			isa = XCBuildConfiguration;
			buildSettings = {
				GCC_PREPROCESSOR_DEFINITIONS = "$(inherited)";
				PRODUCT_NAME = "$(TARGET_NAME)";
			};
			name = Debug;
		};
		59D2FBC2187F8D2A00427417 /* Release */ = {
			isa = XCBuildConfiguration;
			buildSettings = {
				GCC_PREPROCESSOR_DEFINITIONS = "USE_ACCELERATE_GEMM=1";
				PRODUCT_NAME = "$(TARGET_NAME)";
			};
			name = Release;
		};
/* End XCBuildConfiguration section */

/* Begin XCConfigurationList section */
		594BBAB41886FE8A007F9A2A /* Build configuration list for PBXNativeTarget "jpcnn_ios" */ = {
			isa = XCConfigurationList;
			buildConfigurations = (
				594BBAB51886FE8A007F9A2A /* Debug */,
				594BBAB61886FE8A007F9A2A /* Release */,
			);
			defaultConfigurationIsVisible = 0;
			defaultConfigurationName = Release;
		};
		5962AD81188A0987009E64DD /* Build configuration list for PBXNativeTarget "libjpcnn" */ = {
			isa = XCConfigurationList;
			buildConfigurations = (
				5962AD82188A0987009E64DD /* Debug */,
				5962AD83188A0987009E64DD /* Release */,
			);
			defaultConfigurationIsVisible = 0;
			defaultConfigurationName = Release;
		};
		59D2FBB2187F8D2A00427417 /* Build configuration list for PBXProject "jpcnn" */ = {
			isa = XCConfigurationList;
			buildConfigurations = (
				59D2FBBE187F8D2A00427417 /* Debug */,
				59D2FBBF187F8D2A00427417 /* Release */,
			);
			defaultConfigurationIsVisible = 0;
			defaultConfigurationName = Release;
		};
		59D2FBC0187F8D2A00427417 /* Build configuration list for PBXNativeTarget "jpcnn" */ = {
			isa = XCConfigurationList;
			buildConfigurations = (
				59D2FBC1187F8D2A00427417 /* Debug */,
				59D2FBC2187F8D2A00427417 /* Release */,
			);
			defaultConfigurationIsVisible = 0;
			defaultConfigurationName = Release;
		};
/* End XCConfigurationList section */
	};
	rootObject = 59D2FBAF187F8D2A00427417 /* Project object */;
}
